
Microsoft Visual Studio Solution File, Format Version 12.00
# Visual Studio Version 16
VisualStudioVersion = 16.0.28803.156
MinimumVisualStudioVersion = 10.0.40219.1
Project("{9A19103F-16F7-4668-BE54-9A1E7A4F7556}") = "DatabaseMigration.NetCore", "DatabaseMigration.NetCore\DatabaseMigration.NetCore.csproj", "{781A5215-F359-48EF-B51B-2F8E904EFEBC}"
EndProject
Project("{9A19103F-16F7-4668-BE54-9A1E7A4F7556}") = "DatabaseMigration.Test", "DatabaseMigration.Test\DatabaseMigration.Test.csproj", "{F632428E-0F7B-4BE3-9EA7-FD5D0E6F3769}"
EndProject
Project("{9A19103F-16F7-4668-BE54-9A1E7A4F7556}") = "DatabaseMigration.Core", "..\standard\DatabaseMigration.Core\DatabaseMigration.Core.csproj", "{2A16ED55-97B1-482B-A2FD-1C7B7F1F9CA8}"
EndProject
Project("{9A19103F-16F7-4668-BE54-9A1E7A4F7556}") = "DatabaseMigration.Demo", "..\standard\DatabaseMigration.Demo\DatabaseMigration.Demo.csproj", "{F102251D-3266-4FF7-BB36-E1E81A0237DA}"
EndProject
Project("{9A19103F-16F7-4668-BE54-9A1E7A4F7556}") = "DatabaseInterpreter.Core", "..\..\DatabaseInterpreter\DatabaseInterpreter.Core\DatabaseInterpreter.Core.csproj", "{39DD2B51-E7E5-4874-AE0F-A2D9B8A956BE}"
EndProject
Project("{9A19103F-16F7-4668-BE54-9A1E7A4F7556}") = "DatabaseInterpreter.Utility", "..\..\DatabaseInterpreter\DatabaseInterpreter.Utility\DatabaseInterpreter.Utility.csproj", "{0E9C355E-63E6-4572-BEA0-DD8125D19E6A}"
EndProject
Global
	GlobalSection(SolutionConfigurationPlatforms) = preSolution
		Debug|Any CPU = Debug|Any CPU
		Debug|x64 = Debug|x64
		Debug|x86 = Debug|x86
		Release|Any CPU = Release|Any CPU
		Release|x64 = Release|x64
		Release|x86 = Release|x86
	EndGlobalSection
	GlobalSection(ProjectConfigurationPlatforms) = postSolution
		{781A5215-F359-48EF-B51B-2F8E904EFEBC}.Debug|Any CPU.ActiveCfg = Debug|Any CPU
		{781A5215-F359-48EF-B51B-2F8E904EFEBC}.Debug|Any CPU.Build.0 = Debug|Any CPU
		{781A5215-F359-48EF-B51B-2F8E904EFEBC}.Debug|x64.ActiveCfg = Debug|Any CPU
		{781A5215-F359-48EF-B51B-2F8E904EFEBC}.Debug|x64.Build.0 = Debug|Any CPU
		{781A5215-F359-48EF-B51B-2F8E904EFEBC}.Debug|x86.ActiveCfg = Debug|Any CPU
		{781A5215-F359-48EF-B51B-2F8E904EFEBC}.Debug|x86.Build.0 = Debug|Any CPU
		{781A5215-F359-48EF-B51B-2F8E904EFEBC}.Release|Any CPU.ActiveCfg = Release|Any CPU
		{781A5215-F359-48EF-B51B-2F8E904EFEBC}.Release|Any CPU.Build.0 = Release|Any CPU
		{781A5215-F359-48EF-B51B-2F8E904EFEBC}.Release|x64.ActiveCfg = Release|Any CPU
		{781A5215-F359-48EF-B51B-2F8E904EFEBC}.Release|x64.Build.0 = Release|Any CPU
		{781A5215-F359-48EF-B51B-2F8E904EFEBC}.Release|x86.ActiveCfg = Release|Any CPU
		{781A5215-F359-48EF-B51B-2F8E904EFEBC}.Release|x86.Build.0 = Release|Any CPU
		{F632428E-0F7B-4BE3-9EA7-FD5D0E6F3769}.Debug|Any CPU.ActiveCfg = Debug|Any CPU
		{F632428E-0F7B-4BE3-9EA7-FD5D0E6F3769}.Debug|Any CPU.Build.0 = Debug|Any CPU
		{F632428E-0F7B-4BE3-9EA7-FD5D0E6F3769}.Debug|x64.ActiveCfg = Debug|Any CPU
		{F632428E-0F7B-4BE3-9EA7-FD5D0E6F3769}.Debug|x64.Build.0 = Debug|Any CPU
		{F632428E-0F7B-4BE3-9EA7-FD5D0E6F3769}.Debug|x86.ActiveCfg = Debug|Any CPU
		{F632428E-0F7B-4BE3-9EA7-FD5D0E6F3769}.Debug|x86.Build.0 = Debug|Any CPU
		{F632428E-0F7B-4BE3-9EA7-FD5D0E6F3769}.Release|Any CPU.ActiveCfg = Release|Any CPU
		{F632428E-0F7B-4BE3-9EA7-FD5D0E6F3769}.Release|Any CPU.Build.0 = Release|Any CPU
		{F632428E-0F7B-4BE3-9EA7-FD5D0E6F3769}.Release|x64.ActiveCfg = Release|Any CPU
		{F632428E-0F7B-4BE3-9EA7-FD5D0E6F3769}.Release|x64.Build.0 = Release|Any CPU
		{F632428E-0F7B-4BE3-9EA7-FD5D0E6F3769}.Release|x86.ActiveCfg = Release|Any CPU
		{F632428E-0F7B-4BE3-9EA7-FD5D0E6F3769}.Release|x86.Build.0 = Release|Any CPU
		{2A16ED55-97B1-482B-A2FD-1C7B7F1F9CA8}.Debug|Any CPU.ActiveCfg = Debug|Any CPU
		{2A16ED55-97B1-482B-A2FD-1C7B7F1F9CA8}.Debug|Any CPU.Build.0 = Debug|Any CPU
		{2A16ED55-97B1-482B-A2FD-1C7B7F1F9CA8}.Debug|x64.ActiveCfg = Debug|Any CPU
		{2A16ED55-97B1-482B-A2FD-1C7B7F1F9CA8}.Debug|x64.Build.0 = Debug|Any CPU
		{2A16ED55-97B1-482B-A2FD-1C7B7F1F9CA8}.Debug|x86.ActiveCfg = Debug|Any CPU
		{2A16ED55-97B1-482B-A2FD-1C7B7F1F9CA8}.Debug|x86.Build.0 = Debug|Any CPU
		{2A16ED55-97B1-482B-A2FD-1C7B7F1F9CA8}.Release|Any CPU.ActiveCfg = Release|Any CPU
		{2A16ED55-97B1-482B-A2FD-1C7B7F1F9CA8}.Release|Any CPU.Build.0 = Release|Any CPU
		{2A16ED55-97B1-482B-A2FD-1C7B7F1F9CA8}.Release|x64.ActiveCfg = Release|Any CPU
		{2A16ED55-97B1-482B-A2FD-1C7B7F1F9CA8}.Release|x64.Build.0 = Release|Any CPU
		{2A16ED55-97B1-482B-A2FD-1C7B7F1F9CA8}.Release|x86.ActiveCfg = Release|Any CPU
		{2A16ED55-97B1-482B-A2FD-1C7B7F1F9CA8}.Release|x86.Build.0 = Release|Any CPU
		{F102251D-3266-4FF7-BB36-E1E81A0237DA}.Debug|Any CPU.ActiveCfg = Debug|Any CPU
		{F102251D-3266-4FF7-BB36-E1E81A0237DA}.Debug|Any CPU.Build.0 = Debug|Any CPU
		{F102251D-3266-4FF7-BB36-E1E81A0237DA}.Debug|x64.ActiveCfg = Debug|Any CPU
		{F102251D-3266-4FF7-BB36-E1E81A0237DA}.Debug|x64.Build.0 = Debug|Any CPU
		{F102251D-3266-4FF7-BB36-E1E81A0237DA}.Debug|x86.ActiveCfg = Debug|Any CPU
		{F102251D-3266-4FF7-BB36-E1E81A0237DA}.Debug|x86.Build.0 = Debug|Any CPU
		{F102251D-3266-4FF7-BB36-E1E81A0237DA}.Release|Any CPU.ActiveCfg = Release|Any CPU
		{F102251D-3266-4FF7-BB36-E1E81A0237DA}.Release|Any CPU.Build.0 = Release|Any CPU
		{F102251D-3266-4FF7-BB36-E1E81A0237DA}.Release|x64.ActiveCfg = Release|Any CPU
		{F102251D-3266-4FF7-BB36-E1E81A0237DA}.Release|x64.Build.0 = Release|Any CPU
		{F102251D-3266-4FF7-BB36-E1E81A0237DA}.Release|x86.ActiveCfg = Release|Any CPU
		{F102251D-3266-4FF7-BB36-E1E81A0237DA}.Release|x86.Build.0 = Release|Any CPU
		{39DD2B51-E7E5-4874-AE0F-A2D9B8A956BE}.Debug|Any CPU.ActiveCfg = Debug|Any CPU
		{39DD2B51-E7E5-4874-AE0F-A2D9B8A956BE}.Debug|Any CPU.Build.0 = Debug|Any CPU
		{39DD2B51-E7E5-4874-AE0F-A2D9B8A956BE}.Debug|x64.ActiveCfg = Debug|Any CPU
		{39DD2B51-E7E5-4874-AE0F-A2D9B8A956BE}.Debug|x64.Build.0 = Debug|Any CPU
		{39DD2B51-E7E5-4874-AE0F-A2D9B8A956BE}.Debug|x86.ActiveCfg = Debug|Any CPU
		{39DD2B51-E7E5-4874-AE0F-A2D9B8A956BE}.Debug|x86.Build.0 = Debug|Any CPU
		{39DD2B51-E7E5-4874-AE0F-A2D9B8A956BE}.Release|Any CPU.ActiveCfg = Release|Any CPU
		{39DD2B51-E7E5-4874-AE0F-A2D9B8A956BE}.Release|Any CPU.Build.0 = Release|Any CPU
		{39DD2B51-E7E5-4874-AE0F-A2D9B8A956BE}.Release|x64.ActiveCfg = Release|Any CPU
		{39DD2B51-E7E5-4874-AE0F-A2D9B8A956BE}.Release|x64.Build.0 = Release|Any CPU
		{39DD2B51-E7E5-4874-AE0F-A2D9B8A956BE}.Release|x86.ActiveCfg = Release|Any CPU
		{39DD2B51-E7E5-4874-AE0F-A2D9B8A956BE}.Release|x86.Build.0 = Release|Any CPU
		{0E9C355E-63E6-4572-BEA0-DD8125D19E6A}.Debug|Any CPU.ActiveCfg = Debug|Any CPU
		{0E9C355E-63E6-4572-BEA0-DD8125D19E6A}.Debug|Any CPU.Build.0 = Debug|Any CPU
		{0E9C355E-63E6-4572-BEA0-DD8125D19E6A}.Debug|x64.ActiveCfg = Debug|Any CPU
		{0E9C355E-63E6-4572-BEA0-DD8125D19E6A}.Debug|x64.Build.0 = Debug|Any CPU
		{0E9C355E-63E6-4572-BEA0-DD8125D19E6A}.Debug|x86.ActiveCfg = Debug|Any CPU
		{0E9C355E-63E6-4572-BEA0-DD8125D19E6A}.Debug|x86.Build.0 = Debug|Any CPU
		{0E9C355E-63E6-4572-BEA0-DD8125D19E6A}.Release|Any CPU.ActiveCfg = Release|Any CPU
		{0E9C355E-63E6-4572-BEA0-DD8125D19E6A}.Release|Any CPU.Build.0 = Release|Any CPU
		{0E9C355E-63E6-4572-BEA0-DD8125D19E6A}.Release|x64.ActiveCfg = Release|Any CPU
		{0E9C355E-63E6-4572-BEA0-DD8125D19E6A}.Release|x64.Build.0 = Release|Any CPU
		{0E9C355E-63E6-4572-BEA0-DD8125D19E6A}.Release|x86.ActiveCfg = Release|Any CPU
		{0E9C355E-63E6-4572-BEA0-DD8125D19E6A}.Release|x86.Build.0 = Release|Any CPU
	EndGlobalSection
	GlobalSection(SolutionProperties) = preSolution
		HideSolutionNode = FALSE
	EndGlobalSection
	GlobalSection(ExtensibilityGlobals) = postSolution
		SolutionGuid = {7203DB9C-8FC5-4D9B-980F-55667E51C66D}
	EndGlobalSection
EndGlobal
